
Microsoft Visual Studio Solution File, Format Version 12.00
# Visual Studio Version 17
VisualStudioVersion = 17.4.33122.133
MinimumVisualStudioVersion = 10.0.40219.1
Project("{FAE04EC0-301F-11D3-BF4B-00C04F79EFBC}") = "WebApplication13", "WebApplication13.csproj", "{66335DEC-23C9-47D2-B830-7313B8A2FFAC}"
EndProject
Global
	GlobalSection(SolutionConfigurationPlatforms) = preSolution
		Debug|Any CPU = Debug|Any CPU
		Release|Any CPU = Release|Any CPU
	EndGlobalSection
	GlobalSection(ProjectConfigurationPlatforms) = postSolution
		{66335DEC-23C9-47D2-B830-7313B8A2FFAC}.Debug|Any CPU.ActiveCfg = Debug|Any CPU
		{66335DEC-23C9-47D2-B830-7313B8A2FFAC}.Debug|Any CPU.Build.0 = Debug|Any CPU
		{66335DEC-23C9-47D2-B830-7313B8A2FFAC}.Release|Any CPU.ActiveCfg = Release|Any CPU
		{66335DEC-23C9-47D2-B830-7313B8A2FFAC}.Release|Any CPU.Build.0 = Release|Any CPU
	EndGlobalSection
	GlobalSection(SolutionProperties) = preSolution
		HideSolutionNode = FALSE
	EndGlobalSection
	GlobalSection(ExtensibilityGlobals) = postSolution
		SolutionGuid = {496B1445-23F2-4129-B8DC-9885B4A42FB6}
	EndGlobalSection
EndGlobal
